// !$*UTF8*$!
{
	archiveVersion = 1;
	classes = {
	};
	objectVersion = 50;
	objects = {

/* Begin PBXBuildFile section */
		778CE9D2229BF77300F5483E /* AppDelegate.swift in Sources */ = {isa = PBXBuildFile; fileRef = 778CE9D1229BF77300F5483E /* AppDelegate.swift */; };
		778CE9D4229BF77300F5483E /* ViewController.swift in Sources */ = {isa = PBXBuildFile; fileRef = 778CE9D3229BF77300F5483E /* ViewController.swift */; };
		778CE9D7229BF77300F5483E /* Main.storyboard in Resources */ = {isa = PBXBuildFile; fileRef = 778CE9D5229BF77300F5483E /* Main.storyboard */; };
		778CE9D9229BF77600F5483E /* Assets.xcassets in Resources */ = {isa = PBXBuildFile; fileRef = 778CE9D8229BF77600F5483E /* Assets.xcassets */; };
		778CE9DC229BF77600F5483E /* LaunchScreen.storyboard in Resources */ = {isa = PBXBuildFile; fileRef = 778CE9DA229BF77600F5483E /* LaunchScreen.storyboard */; };
		8CF401AE229C59D20020C121 /* BronzeViewController.swift in Sources */ = {isa = PBXBuildFile; fileRef = 8CF401AD229C59D20020C121 /* BronzeViewController.swift */; };
		8CF401B0229C75F40020C121 /* SilverViewController.swift in Sources */ = {isa = PBXBuildFile; fileRef = 8CF401AF229C75F40020C121 /* SilverViewController.swift */; };
		8CF401B2229C7F5C0020C121 /* BlankViewController.swift in Sources */ = {isa = PBXBuildFile; fileRef = 8CF401B1229C7F5C0020C121 /* BlankViewController.swift */; };
/* End PBXBuildFile section */

/* Begin PBXFileReference section */
		778CE9CE229BF77300F5483E /* UIAnimation.app */ = {isa = PBXFileReference; explicitFileType = wrapper.application; includeInIndex = 0; path = UIAnimation.app; sourceTree = BUILT_PRODUCTS_DIR; };
		778CE9D1229BF77300F5483E /* AppDelegate.swift */ = {isa = PBXFileReference; lastKnownFileType = sourcecode.swift; path = AppDelegate.swift; sourceTree = "<group>"; };
		778CE9D3229BF77300F5483E /* ViewController.swift */ = {isa = PBXFileReference; lastKnownFileType = sourcecode.swift; path = ViewController.swift; sourceTree = "<group>"; };
		778CE9D6229BF77300F5483E /* Base */ = {isa = PBXFileReference; lastKnownFileType = file.storyboard; name = Base; path = Base.lproj/Main.storyboard; sourceTree = "<group>"; };
		778CE9D8229BF77600F5483E /* Assets.xcassets */ = {isa = PBXFileReference; lastKnownFileType = folder.assetcatalog; path = Assets.xcassets; sourceTree = "<group>"; };
		778CE9DB229BF77600F5483E /* Base */ = {isa = PBXFileReference; lastKnownFileType = file.storyboard; name = Base; path = Base.lproj/LaunchScreen.storyboard; sourceTree = "<group>"; };
		778CE9DD229BF77600F5483E /* Info.plist */ = {isa = PBXFileReference; lastKnownFileType = text.plist.xml; path = Info.plist; sourceTree = "<group>"; };
		8CF401AD229C59D20020C121 /* BronzeViewController.swift */ = {isa = PBXFileReference; lastKnownFileType = sourcecode.swift; path = BronzeViewController.swift; sourceTree = "<group>"; };
		8CF401AF229C75F40020C121 /* SilverViewController.swift */ = {isa = PBXFileReference; lastKnownFileType = sourcecode.swift; path = SilverViewController.swift; sourceTree = "<group>"; };
		8CF401B1229C7F5C0020C121 /* BlankViewController.swift */ = {isa = PBXFileReference; lastKnownFileType = sourcecode.swift; path = BlankViewController.swift; sourceTree = "<group>"; };
/* End PBXFileReference section */

/* Begin PBXFrameworksBuildPhase section */
		778CE9CB229BF77300F5483E /* Frameworks */ = {
			isa = PBXFrameworksBuildPhase;
			buildActionMask = 2147483647;
			files = (
			);
			runOnlyForDeploymentPostprocessing = 0;
		};
/* End PBXFrameworksBuildPhase section */

/* Begin PBXGroup section */
		778CE9C5229BF77300F5483E = {
			isa = PBXGroup;
			children = (
				778CE9D0229BF77300F5483E /* UIAnimation */,
				778CE9CF229BF77300F5483E /* Products */,
			);
			sourceTree = "<group>";
		};
		778CE9CF229BF77300F5483E /* Products */ = {
			isa = PBXGroup;
			children = (
				778CE9CE229BF77300F5483E /* UIAnimation.app */,
			);
			name = Products;
			sourceTree = "<group>";
		};
		778CE9D0229BF77300F5483E /* UIAnimation */ = {
			isa = PBXGroup;
			children = (
				778CE9D1229BF77300F5483E /* AppDelegate.swift */,
				778CE9D3229BF77300F5483E /* ViewController.swift */,
				778CE9D5229BF77300F5483E /* Main.storyboard */,
				778CE9D8229BF77600F5483E /* Assets.xcassets */,
				778CE9DA229BF77600F5483E /* LaunchScreen.storyboard */,
				778CE9DD229BF77600F5483E /* Info.plist */,
				8CF401AD229C59D20020C121 /* BronzeViewController.swift */,
				8CF401AF229C75F40020C121 /* SilverViewController.swift */,
				8CF401B1229C7F5C0020C121 /* BlankViewController.swift */,
			);
			path = UIAnimation;
			sourceTree = "<group>";
		};
/* End PBXGroup section */

/* Begin PBXNativeTarget section */
		778CE9CD229BF77300F5483E /* UIAnimation */ = {
			isa = PBXNativeTarget;
			buildConfigurationList = 778CE9E0229BF77600F5483E /* Build configuration list for PBXNativeTarget "UIAnimation" */;
			buildPhases = (
				778CE9CA229BF77300F5483E /* Sources */,
				778CE9CB229BF77300F5483E /* Frameworks */,
				778CE9CC229BF77300F5483E /* Resources */,
			);
			buildRules = (
			);
			dependencies = (
			);
			name = UIAnimation;
			productName = UIAnimation_base;
			productReference = 778CE9CE229BF77300F5483E /* UIAnimation.app */;
			productType = "com.apple.product-type.application";
		};
/* End PBXNativeTarget section */

/* Begin PBXProject section */
		778CE9C6229BF77300F5483E /* Project object */ = {
			isa = PBXProject;
			attributes = {
				LastSwiftUpdateCheck = 1020;
				LastUpgradeCheck = 1020;
				ORGANIZATIONNAME = "Pedro Cacique";
				TargetAttributes = {
					778CE9CD229BF77300F5483E = {
						CreatedOnToolsVersion = 10.2;
					};
				};
			};
			buildConfigurationList = 778CE9C9229BF77300F5483E /* Build configuration list for PBXProject "UIAnimation" */;
			compatibilityVersion = "Xcode 9.3";
			developmentRegion = en;
			hasScannedForEncodings = 0;
			knownRegions = (
				en,
				Base,
			);
			mainGroup = 778CE9C5229BF77300F5483E;
			productRefGroup = 778CE9CF229BF77300F5483E /* Products */;
			projectDirPath = "";
			projectRoot = "";
			targets = (
				778CE9CD229BF77300F5483E /* UIAnimation */,
			);
		};
/* End PBXProject section */

/* Begin PBXResourcesBuildPhase section */
		778CE9CC229BF77300F5483E /* Resources */ = {
			isa = PBXResourcesBuildPhase;
			buildActionMask = 2147483647;
			files = (
				778CE9DC229BF77600F5483E /* LaunchScreen.storyboard in Resources */,
				778CE9D9229BF77600F5483E /* Assets.xcassets in Resources */,
				778CE9D7229BF77300F5483E /* Main.storyboard in Resources */,
			);
			runOnlyForDeploymentPostprocessing = 0;
		};
/* End PBXResourcesBuildPhase section */

/* Begin PBXSourcesBuildPhase section */
		778CE9CA229BF77300F5483E /* Sources */ = {
			isa = PBXSourcesBuildPhase;
			buildActionMask = 2147483647;
			files = (
				8CF401AE229C59D20020C121 /* BronzeViewController.swift in Sources */,
				8CF401B0229C75F40020C121 /* SilverViewController.swift in Sources */,
				778CE9D4229BF77300F5483E /* ViewController.swift in Sources */,
				778CE9D2229BF77300F5483E /* AppDelegate.swift in Sources */,
				8CF401B2229C7F5C0020C121 /* BlankViewController.swift in Sources */,
			);
			runOnlyForDeploymentPostprocessing = 0;
		};
/* End PBXSourcesBuildPhase section */

/* Begin PBXVariantGroup section */
		778CE9D5229BF77300F5483E /* Main.storyboard */ = {
			isa = PBXVariantGroup;
			children = (
				778CE9D6229BF77300F5483E /* Base */,
			);
			name = Main.storyboard;
			sourceTree = "<group>";
		};
		778CE9DA229BF77600F5483E /* LaunchScreen.storyboard */ = {
			isa = PBXVariantGroup;
			children = (
				778CE9DB229BF77600F5483E /* Base */,
			);
			name = LaunchScreen.storyboard;
			sourceTree = "<group>";
		};
/* End PBXVariantGroup section */

/* Begin XCBuildConfiguration section */
		778CE9DE229BF77600F5483E /* Debug */ = {
			isa = XCBuildConfiguration;
			buildSettings = {
				ALWAYS_SEARCH_USER_PATHS = NO;
				CLANG_ANALYZER_NONNULL = YES;
				CLANG_ANALYZER_NUMBER_OBJECT_CONVERSION = YES_AGGRESSIVE;
				CLANG_CXX_LANGUAGE_STANDARD = "gnu++14";
				CLANG_CXX_LIBRARY = "libc++";
				CLANG_ENABLE_MODULES = YES;
				CLANG_ENABLE_OBJC_ARC = YES;
				CLANG_ENABLE_OBJC_WEAK = YES;
				CLANG_WARN_BLOCK_CAPTURE_AUTORELEASING = YES;
				CLANG_WARN_BOOL_CONVERSION = YES;
				CLANG_WARN_COMMA = YES;
				CLANG_WARN_CONSTANT_CONVERSION = YES;
				CLANG_WARN_DEPRECATED_OBJC_IMPLEMENTATIONS = YES;
				CLANG_WARN_DIRECT_OBJC_ISA_USAGE = YES_ERROR;
				CLANG_WARN_DOCUMENTATION_COMMENTS = YES;
				CLANG_WARN_EMPTY_BODY = YES;
				CLANG_WARN_ENUM_CONVERSION = YES;
				CLANG_WARN_INFINITE_RECURSION = YES;
				CLANG_WARN_INT_CONVERSION = YES;
				CLANG_WARN_NON_LITERAL_NULL_CONVERSION = YES;
				CLANG_WARN_OBJC_IMPLICIT_RETAIN_SELF = YES;
				CLANG_WARN_OBJC_LITERAL_CONVERSION = YES;
				CLANG_WARN_OBJC_ROOT_CLASS = YES_ERROR;
				CLANG_WARN_RANGE_LOOP_ANALYSIS = YES;
				CLANG_WARN_STRICT_PROTOTYPES = YES;
				CLANG_WARN_SUSPICIOUS_MOVE = YES;
				CLANG_WARN_UNGUARDED_AVAILABILITY = YES_AGGRESSIVE;
				CLANG_WARN_UNREACHABLE_CODE = YES;
				CLANG_WARN__DUPLICATE_METHOD_MATCH = YES;
				CODE_SIGN_IDENTITY = "iPhone Developer";
				COPY_PHASE_STRIP = NO;
				DEBUG_INFORMATION_FORMAT = dwarf;
				ENABLE_STRICT_OBJC_MSGSEND = YES;
				ENABLE_TESTABILITY = YES;
				GCC_C_LANGUAGE_STANDARD = gnu11;
				GCC_DYNAMIC_NO_PIC = NO;
				GCC_NO_COMMON_BLOCKS = YES;
				GCC_OPTIMIZATION_LEVEL = 0;
				GCC_PREPROCESSOR_DEFINITIONS = (
					"DEBUG=1",
					"$(inherited)",
				);
				GCC_WARN_64_TO_32_BIT_CONVERSION = YES;
				GCC_WARN_ABOUT_RETURN_TYPE = YES_ERROR;
				GCC_WARN_UNDECLARED_SELECTOR = YES;
				GCC_WARN_UNINITIALIZED_AUTOS = YES_AGGRESSIVE;
				GCC_WARN_UNUSED_FUNCTION = YES;
				GCC_WARN_UNUSED_VARIABLE = YES;
				IPHONEOS_DEPLOYMENT_TARGET = 12.2;
				MTL_ENABLE_DEBUG_INFO = INCLUDE_SOURCE;
				MTL_FAST_MATH = YES;
				ONLY_ACTIVE_ARCH = YES;
				SDKROOT = iphoneos;
				SWIFT_ACTIVE_COMPILATION_CONDITIONS = DEBUG;
				SWIFT_OPTIMIZATION_LEVEL = "-Onone";
			};
			name = Debug;
		};
		778CE9DF229BF77600F5483E /* Release */ = {
			isa = XCBuildConfiguration;
			buildSettings = {
				ALWAYS_SEARCH_USER_PATHS = NO;
				CLANG_ANALYZER_NONNULL = YES;
				CLANG_ANALYZER_NUMBER_OBJECT_CONVERSION = YES_AGGRESSIVE;
				CLANG_CXX_LANGUAGE_STANDARD = "gnu++14";
				CLANG_CXX_LIBRARY = "libc++";
				CLANG_ENABLE_MODULES = YES;
				CLANG_ENABLE_OBJC_ARC = YES;
				CLANG_ENABLE_OBJC_WEAK = YES;
				CLANG_WARN_BLOCK_CAPTURE_AUTORELEASING = YES;
				CLANG_WARN_BOOL_CONVERSION = YES;
				CLANG_WARN_COMMA = YES;
				CLANG_WARN_CONSTANT_CONVERSION = YES;
				CLANG_WARN_DEPRECATED_OBJC_IMPLEMENTATIONS = YES;
				CLANG_WARN_DIRECT_OBJC_ISA_USAGE = YES_ERROR;
				CLANG_WARN_DOCUMENTATION_COMMENTS = YES;
				CLANG_WARN_EMPTY_BODY = YES;
				CLANG_WARN_ENUM_CONVERSION = YES;
				CLANG_WARN_INFINITE_RECURSION = YES;
				CLANG_WARN_INT_CONVERSION = YES;
				CLANG_WARN_NON_LITERAL_NULL_CONVERSION = YES;
				CLANG_WARN_OBJC_IMPLICIT_RETAIN_SELF = YES;
				CLANG_WARN_OBJC_LITERAL_CONVERSION = YES;
				CLANG_WARN_OBJC_ROOT_CLASS = YES_ERROR;
				CLANG_WARN_RANGE_LOOP_ANALYSIS = YES;
				CLANG_WARN_STRICT_PROTOTYPES = YES;
				CLANG_WARN_SUSPICIOUS_MOVE = YES;
				CLANG_WARN_UNGUARDED_AVAILABILITY = YES_AGGRESSIVE;
				CLANG_WARN_UNREACHABLE_CODE = YES;
				CLANG_WARN__DUPLICATE_METHOD_MATCH = YES;
				CODE_SIGN_IDENTITY = "iPhone Developer";
				COPY_PHASE_STRIP = NO;
				DEBUG_INFORMATION_FORMAT = "dwarf-with-dsym";
				ENABLE_NS_ASSERTIONS = NO;
				ENABLE_STRICT_OBJC_MSGSEND = YES;
				GCC_C_LANGUAGE_STANDARD = gnu11;
				GCC_NO_COMMON_BLOCKS = YES;
				GCC_WARN_64_TO_32_BIT_CONVERSION = YES;
				GCC_WARN_ABOUT_RETURN_TYPE = YES_ERROR;
				GCC_WARN_UNDECLARED_SELECTOR = YES;
				GCC_WARN_UNINITIALIZED_AUTOS = YES_AGGRESSIVE;
				GCC_WARN_UNUSED_FUNCTION = YES;
				GCC_WARN_UNUSED_VARIABLE = YES;
				IPHONEOS_DEPLOYMENT_TARGET = 12.2;
				MTL_ENABLE_DEBUG_INFO = NO;
				MTL_FAST_MATH = YES;
				SDKROOT = iphoneos;
				SWIFT_COMPILATION_MODE = wholemodule;
				SWIFT_OPTIMIZATION_LEVEL = "-O";
				VALIDATE_PRODUCT = YES;
			};
			name = Release;
		};
		778CE9E1229BF77600F5483E /* Debug */ = {
			isa = XCBuildConfiguration;
			buildSettings = {
				ASSETCATALOG_COMPILER_APPICON_NAME = AppIcon;
				CODE_SIGN_STYLE = Automatic;
				DEVELOPMENT_TEAM = PV6ZXMXKDK;
				INFOPLIST_FILE = "$(SRCROOT)/UIAnimation/Info.plist";
				LD_RUNPATH_SEARCH_PATHS = (
					"$(inherited)",
					"@executable_path/Frameworks",
				);
				PRODUCT_BUNDLE_IDENTIFIER = com.br.cacique.UIAnimation;
				PRODUCT_NAME = "$(TARGET_NAME)";
				SWIFT_VERSION = 5.0;
				TARGETED_DEVICE_FAMILY = "1,2";
			};
			name = Debug;
		};
		778CE9E2229BF77600F5483E /* Release */ = {
			isa = XCBuildConfiguration;
			buildSettings = {
				ASSETCATALOG_COMPILER_APPICON_NAME = AppIcon;
				CODE_SIGN_STYLE = Automatic;
				DEVELOPMENT_TEAM = PV6ZXMXKDK;
				INFOPLIST_FILE = "$(SRCROOT)/UIAnimation/Info.plist";
				LD_RUNPATH_SEARCH_PATHS = (
					"$(inherited)",
					"@executable_path/Frameworks",
				);
				PRODUCT_BUNDLE_IDENTIFIER = com.br.cacique.UIAnimation;
				PRODUCT_NAME = "$(TARGET_NAME)";
				SWIFT_VERSION = 5.0;
				TARGETED_DEVICE_FAMILY = "1,2";
			};
			name = Release;
		};
/* End XCBuildConfiguration section */

/* Begin XCConfigurationList section */
		778CE9C9229BF77300F5483E /* Build configuration list for PBXProject "UIAnimation" */ = {
			isa = XCConfigurationList;
			buildConfigurations = (
				778CE9DE229BF77600F5483E /* Debug */,
				778CE9DF229BF77600F5483E /* Release */,
			);
			defaultConfigurationIsVisible = 0;
			defaultConfigurationName = Release;
		};
		778CE9E0229BF77600F5483E /* Build configuration list for PBXNativeTarget "UIAnimation" */ = {
			isa = XCConfigurationList;
			buildConfigurations = (
				778CE9E1229BF77600F5483E /* Debug */,
				778CE9E2229BF77600F5483E /* Release */,
			);
			defaultConfigurationIsVisible = 0;
			defaultConfigurationName = Release;
		};
/* End XCConfigurationList section */
	};
	rootObject = 778CE9C6229BF77300F5483E /* Project object */;
}
